// !$*UTF8*$!
{
	archiveVersion = 1;
	classes = {
	};
	objectVersion = 46;
	objects = {

/* Begin PBXBuildFile section */
		553585E91B0AAC980062F6C9 /* main.m in Sources */ = {isa = PBXBuildFile; fileRef = 553585E81B0AAC980062F6C9 /* main.m */; };
		553585EC1B0AAC980062F6C9 /* AppDelegate.m in Sources */ = {isa = PBXBuildFile; fileRef = 553585EB1B0AAC980062F6C9 /* AppDelegate.m */; };
		553585EF1B0AAC980062F6C9 /* GymApp.xcdatamodeld in Sources */ = {isa = PBXBuildFile; fileRef = 553585ED1B0AAC980062F6C9 /* GymApp.xcdatamodeld */; };
		553585F21B0AAC980062F6C9 /* ViewController.m in Sources */ = {isa = PBXBuildFile; fileRef = 553585F11B0AAC980062F6C9 /* ViewController.m */; };
		553585F51B0AAC980062F6C9 /* Main.storyboard in Resources */ = {isa = PBXBuildFile; fileRef = 553585F31B0AAC980062F6C9 /* Main.storyboard */; };
		553585F71B0AAC980062F6C9 /* Images.xcassets in Resources */ = {isa = PBXBuildFile; fileRef = 553585F61B0AAC980062F6C9 /* Images.xcassets */; };
		553585FA1B0AAC980062F6C9 /* LaunchScreen.xib in Resources */ = {isa = PBXBuildFile; fileRef = 553585F81B0AAC980062F6C9 /* LaunchScreen.xib */; };
		553586061B0AAC980062F6C9 /* GymAppTests.m in Sources */ = {isa = PBXBuildFile; fileRef = 553586051B0AAC980062F6C9 /* GymAppTests.m */; };
		553586161B0ABAAB0062F6C9 /* MAFormField.m in Sources */ = {isa = PBXBuildFile; fileRef = 553586111B0ABAAB0062F6C9 /* MAFormField.m */; };
		553586171B0ABAAB0062F6C9 /* MAFormViewController.m in Sources */ = {isa = PBXBuildFile; fileRef = 553586131B0ABAAB0062F6C9 /* MAFormViewController.m */; };
		553586181B0ABAAB0062F6C9 /* MATextFieldCell.m in Sources */ = {isa = PBXBuildFile; fileRef = 553586151B0ABAAB0062F6C9 /* MATextFieldCell.m */; };
		5535861E1B0AC2BA0062F6C9 /* CorporalSummary.m in Sources */ = {isa = PBXBuildFile; fileRef = 5535861D1B0AC2BA0062F6C9 /* CorporalSummary.m */; };
		553586241B0AC4D90062F6C9 /* UsersTableViewController.m in Sources */ = {isa = PBXBuildFile; fileRef = 553586231B0AC4D90062F6C9 /* UsersTableViewController.m */; };
		553586271B0ADF070062F6C9 /* User.m in Sources */ = {isa = PBXBuildFile; fileRef = 553586261B0ADF070062F6C9 /* User.m */; };
/* End PBXBuildFile section */

/* Begin PBXContainerItemProxy section */
		553586001B0AAC980062F6C9 /* PBXContainerItemProxy */ = {
			isa = PBXContainerItemProxy;
			containerPortal = 553585DB1B0AAC980062F6C9 /* Project object */;
			proxyType = 1;
			remoteGlobalIDString = 553585E21B0AAC980062F6C9;
			remoteInfo = GymApp;
		};
/* End PBXContainerItemProxy section */

/* Begin PBXFileReference section */
		553585E31B0AAC980062F6C9 /* GymApp.app */ = {isa = PBXFileReference; explicitFileType = wrapper.application; includeInIndex = 0; path = GymApp.app; sourceTree = BUILT_PRODUCTS_DIR; };
		553585E71B0AAC980062F6C9 /* Info.plist */ = {isa = PBXFileReference; lastKnownFileType = text.plist.xml; path = Info.plist; sourceTree = "<group>"; };
		553585E81B0AAC980062F6C9 /* main.m */ = {isa = PBXFileReference; lastKnownFileType = sourcecode.c.objc; path = main.m; sourceTree = "<group>"; };
		553585EA1B0AAC980062F6C9 /* AppDelegate.h */ = {isa = PBXFileReference; lastKnownFileType = sourcecode.c.h; path = AppDelegate.h; sourceTree = "<group>"; };
		553585EB1B0AAC980062F6C9 /* AppDelegate.m */ = {isa = PBXFileReference; lastKnownFileType = sourcecode.c.objc; path = AppDelegate.m; sourceTree = "<group>"; };
		553585EE1B0AAC980062F6C9 /* GymApp.xcdatamodel */ = {isa = PBXFileReference; lastKnownFileType = wrapper.xcdatamodel; path = GymApp.xcdatamodel; sourceTree = "<group>"; };
		553585F01B0AAC980062F6C9 /* ViewController.h */ = {isa = PBXFileReference; lastKnownFileType = sourcecode.c.h; path = ViewController.h; sourceTree = "<group>"; };
		553585F11B0AAC980062F6C9 /* ViewController.m */ = {isa = PBXFileReference; lastKnownFileType = sourcecode.c.objc; path = ViewController.m; sourceTree = "<group>"; };
		553585F41B0AAC980062F6C9 /* Base */ = {isa = PBXFileReference; lastKnownFileType = file.storyboard; name = Base; path = Base.lproj/Main.storyboard; sourceTree = "<group>"; };
		553585F61B0AAC980062F6C9 /* Images.xcassets */ = {isa = PBXFileReference; lastKnownFileType = folder.assetcatalog; path = Images.xcassets; sourceTree = "<group>"; };
		553585F91B0AAC980062F6C9 /* Base */ = {isa = PBXFileReference; lastKnownFileType = file.xib; name = Base; path = Base.lproj/LaunchScreen.xib; sourceTree = "<group>"; };
		553585FF1B0AAC980062F6C9 /* GymAppTests.xctest */ = {isa = PBXFileReference; explicitFileType = wrapper.cfbundle; includeInIndex = 0; path = GymAppTests.xctest; sourceTree = BUILT_PRODUCTS_DIR; };
		553586041B0AAC980062F6C9 /* Info.plist */ = {isa = PBXFileReference; lastKnownFileType = text.plist.xml; path = Info.plist; sourceTree = "<group>"; };
		553586051B0AAC980062F6C9 /* GymAppTests.m */ = {isa = PBXFileReference; lastKnownFileType = sourcecode.c.objc; path = GymAppTests.m; sourceTree = "<group>"; };
		553586101B0ABAAB0062F6C9 /* MAFormField.h */ = {isa = PBXFileReference; fileEncoding = 4; lastKnownFileType = sourcecode.c.h; path = MAFormField.h; sourceTree = "<group>"; };
		553586111B0ABAAB0062F6C9 /* MAFormField.m */ = {isa = PBXFileReference; fileEncoding = 4; lastKnownFileType = sourcecode.c.objc; path = MAFormField.m; sourceTree = "<group>"; };
		553586121B0ABAAB0062F6C9 /* MAFormViewController.h */ = {isa = PBXFileReference; fileEncoding = 4; lastKnownFileType = sourcecode.c.h; path = MAFormViewController.h; sourceTree = "<group>"; };
		553586131B0ABAAB0062F6C9 /* MAFormViewController.m */ = {isa = PBXFileReference; fileEncoding = 4; lastKnownFileType = sourcecode.c.objc; path = MAFormViewController.m; sourceTree = "<group>"; };
		553586141B0ABAAB0062F6C9 /* MATextFieldCell.h */ = {isa = PBXFileReference; fileEncoding = 4; lastKnownFileType = sourcecode.c.h; path = MATextFieldCell.h; sourceTree = "<group>"; };
		553586151B0ABAAB0062F6C9 /* MATextFieldCell.m */ = {isa = PBXFileReference; fileEncoding = 4; lastKnownFileType = sourcecode.c.objc; path = MATextFieldCell.m; sourceTree = "<group>"; };
		5535861C1B0AC2BA0062F6C9 /* CorporalSummary.h */ = {isa = PBXFileReference; fileEncoding = 4; lastKnownFileType = sourcecode.c.h; name = CorporalSummary.h; path = Model/DAO/CorporalSummary.h; sourceTree = "<group>"; };
		5535861D1B0AC2BA0062F6C9 /* CorporalSummary.m */ = {isa = PBXFileReference; fileEncoding = 4; lastKnownFileType = sourcecode.c.objc; name = CorporalSummary.m; path = Model/DAO/CorporalSummary.m; sourceTree = "<group>"; };
		553586221B0AC4D90062F6C9 /* UsersTableViewController.h */ = {isa = PBXFileReference; fileEncoding = 4; lastKnownFileType = sourcecode.c.h; name = UsersTableViewController.h; path = Controllers/UsersTableViewController.h; sourceTree = "<group>"; };
		553586231B0AC4D90062F6C9 /* UsersTableViewController.m */ = {isa = PBXFileReference; fileEncoding = 4; lastKnownFileType = sourcecode.c.objc; name = UsersTableViewController.m; path = Controllers/UsersTableViewController.m; sourceTree = "<group>"; };
		553586251B0ADF070062F6C9 /* User.h */ = {isa = PBXFileReference; fileEncoding = 4; lastKnownFileType = sourcecode.c.h; name = User.h; path = Model/DAO/User.h; sourceTree = "<group>"; };
		553586261B0ADF070062F6C9 /* User.m */ = {isa = PBXFileReference; fileEncoding = 4; lastKnownFileType = sourcecode.c.objc; name = User.m; path = Model/DAO/User.m; sourceTree = "<group>"; };
/* End PBXFileReference section */

/* Begin PBXFrameworksBuildPhase section */
		553585E01B0AAC980062F6C9 /* Frameworks */ = {
			isa = PBXFrameworksBuildPhase;
			buildActionMask = 2147483647;
			files = (
			);
			runOnlyForDeploymentPostprocessing = 0;
		};
		553585FC1B0AAC980062F6C9 /* Frameworks */ = {
			isa = PBXFrameworksBuildPhase;
			buildActionMask = 2147483647;
			files = (
			);
			runOnlyForDeploymentPostprocessing = 0;
		};
/* End PBXFrameworksBuildPhase section */

/* Begin PBXGroup section */
		553585DA1B0AAC980062F6C9 = {
			isa = PBXGroup;
			children = (
				553585E51B0AAC980062F6C9 /* GymApp */,
				553586021B0AAC980062F6C9 /* GymAppTests */,
				553585E41B0AAC980062F6C9 /* Products */,
			);
			sourceTree = "<group>";
		};
		553585E41B0AAC980062F6C9 /* Products */ = {
			isa = PBXGroup;
			children = (
				553585E31B0AAC980062F6C9 /* GymApp.app */,
				553585FF1B0AAC980062F6C9 /* GymAppTests.xctest */,
			);
			name = Products;
			sourceTree = "<group>";
		};
		553585E51B0AAC980062F6C9 /* GymApp */ = {
			isa = PBXGroup;
			children = (
				553586211B0AC4A30062F6C9 /* Controllers */,
				5535861F1B0AC2C50062F6C9 /* Model */,
				5535860F1B0ABA930062F6C9 /* MAFormControllers */,
				553585EA1B0AAC980062F6C9 /* AppDelegate.h */,
				553585EB1B0AAC980062F6C9 /* AppDelegate.m */,
				553585F01B0AAC980062F6C9 /* ViewController.h */,
				553585F11B0AAC980062F6C9 /* ViewController.m */,
				553585F31B0AAC980062F6C9 /* Main.storyboard */,
				553585F61B0AAC980062F6C9 /* Images.xcassets */,
				553585F81B0AAC980062F6C9 /* LaunchScreen.xib */,
				553585ED1B0AAC980062F6C9 /* GymApp.xcdatamodeld */,
				553585E61B0AAC980062F6C9 /* Supporting Files */,
			);
			path = GymApp;
			sourceTree = "<group>";
		};
		553585E61B0AAC980062F6C9 /* Supporting Files */ = {
			isa = PBXGroup;
			children = (
				553585E71B0AAC980062F6C9 /* Info.plist */,
				553585E81B0AAC980062F6C9 /* main.m */,
			);
			name = "Supporting Files";
			sourceTree = "<group>";
		};
		553586021B0AAC980062F6C9 /* GymAppTests */ = {
			isa = PBXGroup;
			children = (
				553586051B0AAC980062F6C9 /* GymAppTests.m */,
				553586031B0AAC980062F6C9 /* Supporting Files */,
			);
			path = GymAppTests;
			sourceTree = "<group>";
		};
		553586031B0AAC980062F6C9 /* Supporting Files */ = {
			isa = PBXGroup;
			children = (
				553586041B0AAC980062F6C9 /* Info.plist */,
			);
			name = "Supporting Files";
			sourceTree = "<group>";
		};
		5535860F1B0ABA930062F6C9 /* MAFormControllers */ = {
			isa = PBXGroup;
			children = (
				553586101B0ABAAB0062F6C9 /* MAFormField.h */,
				553586111B0ABAAB0062F6C9 /* MAFormField.m */,
				553586121B0ABAAB0062F6C9 /* MAFormViewController.h */,
				553586131B0ABAAB0062F6C9 /* MAFormViewController.m */,
				553586141B0ABAAB0062F6C9 /* MATextFieldCell.h */,
				553586151B0ABAAB0062F6C9 /* MATextFieldCell.m */,
			);
			name = MAFormControllers;
			sourceTree = "<group>";
		};
		5535861F1B0AC2C50062F6C9 /* Model */ = {
			isa = PBXGroup;
			children = (
				553586201B0AC2CB0062F6C9 /* DAO */,
			);
			name = Model;
			sourceTree = "<group>";
		};
		553586201B0AC2CB0062F6C9 /* DAO */ = {
			isa = PBXGroup;
			children = (
				553586251B0ADF070062F6C9 /* User.h */,
				553586261B0ADF070062F6C9 /* User.m */,
				5535861C1B0AC2BA0062F6C9 /* CorporalSummary.h */,
				5535861D1B0AC2BA0062F6C9 /* CorporalSummary.m */,
			);
			name = DAO;
			sourceTree = "<group>";
		};
		553586211B0AC4A30062F6C9 /* Controllers */ = {
			isa = PBXGroup;
			children = (
				553586221B0AC4D90062F6C9 /* UsersTableViewController.h */,
				553586231B0AC4D90062F6C9 /* UsersTableViewController.m */,
			);
			name = Controllers;
			sourceTree = "<group>";
		};
/* End PBXGroup section */

/* Begin PBXNativeTarget section */
		553585E21B0AAC980062F6C9 /* GymApp */ = {
			isa = PBXNativeTarget;
			buildConfigurationList = 553586091B0AAC980062F6C9 /* Build configuration list for PBXNativeTarget "GymApp" */;
			buildPhases = (
				553585DF1B0AAC980062F6C9 /* Sources */,
				553585E01B0AAC980062F6C9 /* Frameworks */,
				553585E11B0AAC980062F6C9 /* Resources */,
			);
			buildRules = (
			);
			dependencies = (
			);
			name = GymApp;
			productName = GymApp;
			productReference = 553585E31B0AAC980062F6C9 /* GymApp.app */;
			productType = "com.apple.product-type.application";
		};
		553585FE1B0AAC980062F6C9 /* GymAppTests */ = {
			isa = PBXNativeTarget;
			buildConfigurationList = 5535860C1B0AAC980062F6C9 /* Build configuration list for PBXNativeTarget "GymAppTests" */;
			buildPhases = (
				553585FB1B0AAC980062F6C9 /* Sources */,
				553585FC1B0AAC980062F6C9 /* Frameworks */,
				553585FD1B0AAC980062F6C9 /* Resources */,
			);
			buildRules = (
			);
			dependencies = (
				553586011B0AAC980062F6C9 /* PBXTargetDependency */,
			);
			name = GymAppTests;
			productName = GymAppTests;
			productReference = 553585FF1B0AAC980062F6C9 /* GymAppTests.xctest */;
			productType = "com.apple.product-type.bundle.unit-test";
		};
/* End PBXNativeTarget section */

/* Begin PBXProject section */
		553585DB1B0AAC980062F6C9 /* Project object */ = {
			isa = PBXProject;
			attributes = {
				LastUpgradeCheck = 0610;
				ORGANIZATIONNAME = "Reyes Magos";
				TargetAttributes = {
					553585E21B0AAC980062F6C9 = {
						CreatedOnToolsVersion = 6.1.1;
						DevelopmentTeam = 59758JPHYA;
					};
					553585FE1B0AAC980062F6C9 = {
						CreatedOnToolsVersion = 6.1.1;
						TestTargetID = 553585E21B0AAC980062F6C9;
					};
				};
			};
			buildConfigurationList = 553585DE1B0AAC980062F6C9 /* Build configuration list for PBXProject "GymApp" */;
			compatibilityVersion = "Xcode 3.2";
			developmentRegion = English;
			hasScannedForEncodings = 0;
			knownRegions = (
				en,
				Base,
			);
			mainGroup = 553585DA1B0AAC980062F6C9;
			productRefGroup = 553585E41B0AAC980062F6C9 /* Products */;
			projectDirPath = "";
			projectRoot = "";
			targets = (
				553585E21B0AAC980062F6C9 /* GymApp */,
				553585FE1B0AAC980062F6C9 /* GymAppTests */,
			);
		};
/* End PBXProject section */

/* Begin PBXResourcesBuildPhase section */
		553585E11B0AAC980062F6C9 /* Resources */ = {
			isa = PBXResourcesBuildPhase;
			buildActionMask = 2147483647;
			files = (
				553585F51B0AAC980062F6C9 /* Main.storyboard in Resources */,
				553585FA1B0AAC980062F6C9 /* LaunchScreen.xib in Resources */,
				553585F71B0AAC980062F6C9 /* Images.xcassets in Resources */,
			);
			runOnlyForDeploymentPostprocessing = 0;
		};
		553585FD1B0AAC980062F6C9 /* Resources */ = {
			isa = PBXResourcesBuildPhase;
			buildActionMask = 2147483647;
			files = (
			);
			runOnlyForDeploymentPostprocessing = 0;
		};
/* End PBXResourcesBuildPhase section */

/* Begin PBXSourcesBuildPhase section */
		553585DF1B0AAC980062F6C9 /* Sources */ = {
			isa = PBXSourcesBuildPhase;
			buildActionMask = 2147483647;
			files = (
				553586271B0ADF070062F6C9 /* User.m in Sources */,
				553585EF1B0AAC980062F6C9 /* GymApp.xcdatamodeld in Sources */,
				553586161B0ABAAB0062F6C9 /* MAFormField.m in Sources */,
				5535861E1B0AC2BA0062F6C9 /* CorporalSummary.m in Sources */,
				553585EC1B0AAC980062F6C9 /* AppDelegate.m in Sources */,
				553585F21B0AAC980062F6C9 /* ViewController.m in Sources */,
				553586241B0AC4D90062F6C9 /* UsersTableViewController.m in Sources */,
				553586171B0ABAAB0062F6C9 /* MAFormViewController.m in Sources */,
				553585E91B0AAC980062F6C9 /* main.m in Sources */,
				553586181B0ABAAB0062F6C9 /* MATextFieldCell.m in Sources */,
			);
			runOnlyForDeploymentPostprocessing = 0;
		};
		553585FB1B0AAC980062F6C9 /* Sources */ = {
			isa = PBXSourcesBuildPhase;
			buildActionMask = 2147483647;
			files = (
				553586061B0AAC980062F6C9 /* GymAppTests.m in Sources */,
			);
			runOnlyForDeploymentPostprocessing = 0;
		};
/* End PBXSourcesBuildPhase section */

/* Begin PBXTargetDependency section */
		553586011B0AAC980062F6C9 /* PBXTargetDependency */ = {
			isa = PBXTargetDependency;
			target = 553585E21B0AAC980062F6C9 /* GymApp */;
			targetProxy = 553586001B0AAC980062F6C9 /* PBXContainerItemProxy */;
		};
/* End PBXTargetDependency section */

/* Begin PBXVariantGroup section */
		553585F31B0AAC980062F6C9 /* Main.storyboard */ = {
			isa = PBXVariantGroup;
			children = (
				553585F41B0AAC980062F6C9 /* Base */,
			);
			name = Main.storyboard;
			sourceTree = "<group>";
		};
		553585F81B0AAC980062F6C9 /* LaunchScreen.xib */ = {
			isa = PBXVariantGroup;
			children = (
				553585F91B0AAC980062F6C9 /* Base */,
			);
			name = LaunchScreen.xib;
			sourceTree = "<group>";
		};
/* End PBXVariantGroup section */

/* Begin XCBuildConfiguration section */
		553586071B0AAC980062F6C9 /* Debug */ = {
			isa = XCBuildConfiguration;
			buildSettings = {
				ALWAYS_SEARCH_USER_PATHS = NO;
				CLANG_CXX_LANGUAGE_STANDARD = "gnu++0x";
				CLANG_CXX_LIBRARY = "libc++";
				CLANG_ENABLE_MODULES = YES;
				CLANG_ENABLE_OBJC_ARC = YES;
				CLANG_WARN_BOOL_CONVERSION = YES;
				CLANG_WARN_CONSTANT_CONVERSION = YES;
				CLANG_WARN_DIRECT_OBJC_ISA_USAGE = YES_ERROR;
				CLANG_WARN_EMPTY_BODY = YES;
				CLANG_WARN_ENUM_CONVERSION = YES;
				CLANG_WARN_INT_CONVERSION = YES;
				CLANG_WARN_OBJC_ROOT_CLASS = YES_ERROR;
				CLANG_WARN_UNREACHABLE_CODE = YES;
				CLANG_WARN__DUPLICATE_METHOD_MATCH = YES;
				"CODE_SIGN_IDENTITY[sdk=iphoneos*]" = "iPhone Developer";
				COPY_PHASE_STRIP = NO;
				ENABLE_STRICT_OBJC_MSGSEND = YES;
				GCC_C_LANGUAGE_STANDARD = gnu99;
				GCC_DYNAMIC_NO_PIC = NO;
				GCC_OPTIMIZATION_LEVEL = 0;
				GCC_PREPROCESSOR_DEFINITIONS = (
					"DEBUG=1",
					"$(inherited)",
				);
				GCC_SYMBOLS_PRIVATE_EXTERN = NO;
				GCC_WARN_64_TO_32_BIT_CONVERSION = YES;
				GCC_WARN_ABOUT_RETURN_TYPE = YES_ERROR;
				GCC_WARN_UNDECLARED_SELECTOR = YES;
				GCC_WARN_UNINITIALIZED_AUTOS = YES_AGGRESSIVE;
				GCC_WARN_UNUSED_FUNCTION = YES;
				GCC_WARN_UNUSED_VARIABLE = YES;
				IPHONEOS_DEPLOYMENT_TARGET = 8.1;
				MTL_ENABLE_DEBUG_INFO = YES;
				ONLY_ACTIVE_ARCH = YES;
				SDKROOT = iphoneos;
			};
			name = Debug;
		};
		553586081B0AAC980062F6C9 /* Release */ = {
			isa = XCBuildConfiguration;
			buildSettings = {
				ALWAYS_SEARCH_USER_PATHS = NO;
				CLANG_CXX_LANGUAGE_STANDARD = "gnu++0x";
				CLANG_CXX_LIBRARY = "libc++";
				CLANG_ENABLE_MODULES = YES;
				CLANG_ENABLE_OBJC_ARC = YES;
				CLANG_WARN_BOOL_CONVERSION = YES;
				CLANG_WARN_CONSTANT_CONVERSION = YES;
				CLANG_WARN_DIRECT_OBJC_ISA_USAGE = YES_ERROR;
				CLANG_WARN_EMPTY_BODY = YES;
				CLANG_WARN_ENUM_CONVERSION = YES;
				CLANG_WARN_INT_CONVERSION = YES;
				CLANG_WARN_OBJC_ROOT_CLASS = YES_ERROR;
				CLANG_WARN_UNREACHABLE_CODE = YES;
				CLANG_WARN__DUPLICATE_METHOD_MATCH = YES;
				"CODE_SIGN_IDENTITY[sdk=iphoneos*]" = "iPhone Developer";
				COPY_PHASE_STRIP = YES;
				ENABLE_NS_ASSERTIONS = NO;
				ENABLE_STRICT_OBJC_MSGSEND = YES;
				GCC_C_LANGUAGE_STANDARD = gnu99;
				GCC_WARN_64_TO_32_BIT_CONVERSION = YES;
				GCC_WARN_ABOUT_RETURN_TYPE = YES_ERROR;
				GCC_WARN_UNDECLARED_SELECTOR = YES;
				GCC_WARN_UNINITIALIZED_AUTOS = YES_AGGRESSIVE;
				GCC_WARN_UNUSED_FUNCTION = YES;
				GCC_WARN_UNUSED_VARIABLE = YES;
				IPHONEOS_DEPLOYMENT_TARGET = 8.1;
				MTL_ENABLE_DEBUG_INFO = NO;
				SDKROOT = iphoneos;
				VALIDATE_PRODUCT = YES;
			};
			name = Release;
		};
		5535860A1B0AAC980062F6C9 /* Debug */ = {
			isa = XCBuildConfiguration;
			buildSettings = {
				ASSETCATALOG_COMPILER_APPICON_NAME = AppIcon;
				CODE_SIGN_IDENTITY = "iPhone Developer";
				INFOPLIST_FILE = GymApp/Info.plist;
				LD_RUNPATH_SEARCH_PATHS = "$(inherited) @executable_path/Frameworks";
				PRODUCT_NAME = "$(TARGET_NAME)";
			};
			name = Debug;
		};
		5535860B1B0AAC980062F6C9 /* Release */ = {
			isa = XCBuildConfiguration;
			buildSettings = {
				ASSETCATALOG_COMPILER_APPICON_NAME = AppIcon;
				CODE_SIGN_IDENTITY = "iPhone Developer";
				INFOPLIST_FILE = GymApp/Info.plist;
				LD_RUNPATH_SEARCH_PATHS = "$(inherited) @executable_path/Frameworks";
				PRODUCT_NAME = "$(TARGET_NAME)";
			};
			name = Release;
		};
		5535860D1B0AAC980062F6C9 /* Debug */ = {
			isa = XCBuildConfiguration;
			buildSettings = {
				BUNDLE_LOADER = "$(TEST_HOST)";
				FRAMEWORK_SEARCH_PATHS = (
					"$(SDKROOT)/Developer/Library/Frameworks",
					"$(inherited)",
				);
				GCC_PREPROCESSOR_DEFINITIONS = (
					"DEBUG=1",
					"$(inherited)",
				);
				INFOPLIST_FILE = GymAppTests/Info.plist;
				LD_RUNPATH_SEARCH_PATHS = "$(inherited) @executable_path/Frameworks @loader_path/Frameworks";
				PRODUCT_NAME = "$(TARGET_NAME)";
				TEST_HOST = "$(BUILT_PRODUCTS_DIR)/GymApp.app/GymApp";
			};
			name = Debug;
		};
		5535860E1B0AAC980062F6C9 /* Release */ = {
			isa = XCBuildConfiguration;
			buildSettings = {
				BUNDLE_LOADER = "$(TEST_HOST)";
				FRAMEWORK_SEARCH_PATHS = (
					"$(SDKROOT)/Developer/Library/Frameworks",
					"$(inherited)",
				);
				INFOPLIST_FILE = GymAppTests/Info.plist;
				LD_RUNPATH_SEARCH_PATHS = "$(inherited) @executable_path/Frameworks @loader_path/Frameworks";
				PRODUCT_NAME = "$(TARGET_NAME)";
				TEST_HOST = "$(BUILT_PRODUCTS_DIR)/GymApp.app/GymApp";
			};
			name = Release;
		};
/* End XCBuildConfiguration section */

/* Begin XCConfigurationList section */
		553585DE1B0AAC980062F6C9 /* Build configuration list for PBXProject "GymApp" */ = {
			isa = XCConfigurationList;
			buildConfigurations = (
				553586071B0AAC980062F6C9 /* Debug */,
				553586081B0AAC980062F6C9 /* Release */,
			);
			defaultConfigurationIsVisible = 0;
			defaultConfigurationName = Release;
		};
		553586091B0AAC980062F6C9 /* Build configuration list for PBXNativeTarget "GymApp" */ = {
			isa = XCConfigurationList;
			buildConfigurations = (
				5535860A1B0AAC980062F6C9 /* Debug */,
				5535860B1B0AAC980062F6C9 /* Release */,
			);
			defaultConfigurationIsVisible = 0;
		};
		5535860C1B0AAC980062F6C9 /* Build configuration list for PBXNativeTarget "GymAppTests" */ = {
			isa = XCConfigurationList;
			buildConfigurations = (
				5535860D1B0AAC980062F6C9 /* Debug */,
				5535860E1B0AAC980062F6C9 /* Release */,
			);
			defaultConfigurationIsVisible = 0;
		};
/* End XCConfigurationList section */

/* Begin XCVersionGroup section */
		553585ED1B0AAC980062F6C9 /* GymApp.xcdatamodeld */ = {
			isa = XCVersionGroup;
			children = (
				553585EE1B0AAC980062F6C9 /* GymApp.xcdatamodel */,
			);
			currentVersion = 553585EE1B0AAC980062F6C9 /* GymApp.xcdatamodel */;
			path = GymApp.xcdatamodeld;
			sourceTree = "<group>";
			versionGroupType = wrapper.xcdatamodel;
		};
/* End XCVersionGroup section */
	};
	rootObject = 553585DB1B0AAC980062F6C9 /* Project object */;
}
